{
    "_readme": [
        "This file locks the dependencies of your project to a known state",
        "Read more about it at https://getcomposer.org/doc/01-basic-usage.md#installing-dependencies",
        "This file is @generated automatically"
    ],
    "content-hash": "e0100afbdace8a91f76626e90662b991",
    "packages": [
        {
            "name": "lemon_framework/lemon",
            "version": "2.6.6",
            "source": {
                "type": "git",
                "url": "https://github.com/Lemon-Framework/Lemon.git",
                "reference": "729f0725b2b244810d0c7dfbb12e361d98807ed2"
            },
            "dist": {
                "type": "zip",
                "url": "https://api.github.com/repos/Lemon-Framework/Lemon/zipball/729f0725b2b244810d0c7dfbb12e361d98807ed2",
                "reference": "729f0725b2b244810d0c7dfbb12e361d98807ed2",
                "shasum": ""
            },
            "type": "library",
            "autoload": {
                "psr-4": {
                    "Lemon\\": "src/"
                },
                "files": [
                    "src/Views/views.php",
                    "src/Http/Routing/Route.php",
                    "src/Utils/utils.php",
                    "src/Kernel/loader.php",
                    "src/Utils/http.php",
                    "src/Utils/constants.php"
                ]
            },
            "notification-url": "https://packagist.org/downloads/",
            "license": [
                "MIT"
            ],
            "authors": [
                {
                    "name": "TENMAJKL",
                    "email": "silder.hologram@gmail.com"
                }
            ],
            "description": "Lemon is simple micro framework that provides routing, etc.",
            "support": {
                "issues": "https://github.com/Lemon-Framework/Lemon/issues",
                "source": "https://github.com/Lemon-Framework/Lemon/tree/2.6.6"
            },
            "time": "2021-11-21T13:55:53+00:00"
        }
    ],
    "packages-dev": [],
    "aliases": [],
    "minimum-stability": "stable",
    "stability-flags": [],
    "prefer-stable": false,
    "prefer-lowest": false,
    "platform": [],
    "platform-dev": [],
    "plugin-api-version": "2.0.0"
}
